// !$*UTF8*$!
{
	archiveVersion = 1;
	classes = {
	};
	objectVersion = 56;
	objects = {

/* Begin PBXBuildFile section */
		2F3A4653296F97880074E632 /* AppDelegate.swift in Sources */ = {isa = PBXBuildFile; fileRef = 2F3A4652296F97880074E632 /* AppDelegate.swift */; };
		2F3A4655296F97880074E632 /* SceneDelegate.swift in Sources */ = {isa = PBXBuildFile; fileRef = 2F3A4654296F97880074E632 /* SceneDelegate.swift */; };
		2F3A4657296F97880074E632 /* HomeViewController.swift in Sources */ = {isa = PBXBuildFile; fileRef = 2F3A4656296F97880074E632 /* HomeViewController.swift */; };
		2F3A465A296F97880074E632 /* Main.storyboard in Resources */ = {isa = PBXBuildFile; fileRef = 2F3A4658296F97880074E632 /* Main.storyboard */; };
		2F3A465C296F978C0074E632 /* Assets.xcassets in Resources */ = {isa = PBXBuildFile; fileRef = 2F3A465B296F978C0074E632 /* Assets.xcassets */; };
		2F3A465F296F978C0074E632 /* LaunchScreen.storyboard in Resources */ = {isa = PBXBuildFile; fileRef = 2F3A465D296F978C0074E632 /* LaunchScreen.storyboard */; };
		2F3A466A296F978C0074E632 /* InstagramTests.swift in Sources */ = {isa = PBXBuildFile; fileRef = 2F3A4669296F978C0074E632 /* InstagramTests.swift */; };
		2F3A4674296F978C0074E632 /* InstagramUITests.swift in Sources */ = {isa = PBXBuildFile; fileRef = 2F3A4673296F978C0074E632 /* InstagramUITests.swift */; };
		2F3A4676296F978C0074E632 /* InstagramUITestsLaunchTests.swift in Sources */ = {isa = PBXBuildFile; fileRef = 2F3A4675296F978C0074E632 /* InstagramUITestsLaunchTests.swift */; };
		2F3A4688296FA9C80074E632 /* ExploreViewController.swift in Sources */ = {isa = PBXBuildFile; fileRef = 2F3A4687296FA9C80074E632 /* ExploreViewController.swift */; };
		2F3A468A296FA9F70074E632 /* PostViewController.swift in Sources */ = {isa = PBXBuildFile; fileRef = 2F3A4689296FA9F70074E632 /* PostViewController.swift */; };
		2F3A468C296FAA050074E632 /* NotificationViewController.swift in Sources */ = {isa = PBXBuildFile; fileRef = 2F3A468B296FAA050074E632 /* NotificationViewController.swift */; };
		2F3A468E296FAA270074E632 /* ProfileViewController.swift in Sources */ = {isa = PBXBuildFile; fileRef = 2F3A468D296FAA270074E632 /* ProfileViewController.swift */; };
		2F3A4693296FAC460074E632 /* LoginViewController.swift in Sources */ = {isa = PBXBuildFile; fileRef = 2F3A4692296FAC460074E632 /* LoginViewController.swift */; };
		2F3A4695296FAC610074E632 /* RegistrationViewController.swift in Sources */ = {isa = PBXBuildFile; fileRef = 2F3A4694296FAC610074E632 /* RegistrationViewController.swift */; };
		2F3A4697296FAC900074E632 /* PostSeeViewController.swift in Sources */ = {isa = PBXBuildFile; fileRef = 2F3A4696296FAC900074E632 /* PostSeeViewController.swift */; };
		2F3A4699296FAD0B0074E632 /* ProfileChangeViewController.swift in Sources */ = {isa = PBXBuildFile; fileRef = 2F3A4698296FAD0B0074E632 /* ProfileChangeViewController.swift */; };
		2F3A469B296FADF10074E632 /* SettingsViewController.swift in Sources */ = {isa = PBXBuildFile; fileRef = 2F3A469A296FADF10074E632 /* SettingsViewController.swift */; };
		2F3A469D296FAE0B0074E632 /* ListViewController.swift in Sources */ = {isa = PBXBuildFile; fileRef = 2F3A469C296FAE0B0074E632 /* ListViewController.swift */; };
		2F3A469F296FAE240074E632 /* SearchResultViewController.swift in Sources */ = {isa = PBXBuildFile; fileRef = 2F3A469E296FAE240074E632 /* SearchResultViewController.swift */; };
		2F3A46A1296FAE8D0074E632 /* SearchViewController.swift in Sources */ = {isa = PBXBuildFile; fileRef = 2F3A46A0296FAE8D0074E632 /* SearchViewController.swift */; };
		2F3A46A3296FAF8C0074E632 /* PostEditorViewController.swift in Sources */ = {isa = PBXBuildFile; fileRef = 2F3A46A2296FAF8B0074E632 /* PostEditorViewController.swift */; };
		2F3A46A5296FAFB70074E632 /* PublishPostViewController.swift in Sources */ = {isa = PBXBuildFile; fileRef = 2F3A46A4296FAFB70074E632 /* PublishPostViewController.swift */; };
		2F6FA2DE2978F0AF00692B6F /* GoogleService-Info.plist in Resources */ = {isa = PBXBuildFile; fileRef = 2F6FA2DD2978F0AF00692B6F /* GoogleService-Info.plist */; };
		2F6FA2E12979021B00692B6F /* DatabaseManager.swift in Sources */ = {isa = PBXBuildFile; fileRef = 2F6FA2E02979021B00692B6F /* DatabaseManager.swift */; };
		2F6FA2E3297902E400692B6F /* AuthManager.swift in Sources */ = {isa = PBXBuildFile; fileRef = 2F6FA2E2297902E300692B6F /* AuthManager.swift */; };
		2F6FA2E52979032800692B6F /* StorageManager.swift in Sources */ = {isa = PBXBuildFile; fileRef = 2F6FA2E42979032800692B6F /* StorageManager.swift */; };
		3E36C5B1FC1CB1F31B4D8FA5 /* Pods_InstagramTests.framework in Frameworks */ = {isa = PBXBuildFile; fileRef = E9AFA57CF6098EAF0DA4D6AD /* Pods_InstagramTests.framework */; };
		7D69568318C97343CB4C3C36 /* Pods_Instagram_InstagramUITests.framework in Frameworks */ = {isa = PBXBuildFile; fileRef = 2EB16B666CC3909ECC782970 /* Pods_Instagram_InstagramUITests.framework */; };
		CB885E9A8F09A6EA2017326B /* Pods_Instagram.framework in Frameworks */ = {isa = PBXBuildFile; fileRef = 34E1AD2A4819E4E54D37C301 /* Pods_Instagram.framework */; };
/* End PBXBuildFile section */

/* Begin PBXContainerItemProxy section */
		2F3A4666296F978C0074E632 /* PBXContainerItemProxy */ = {
			isa = PBXContainerItemProxy;
			containerPortal = 2F3A4647296F97880074E632 /* Project object */;
			proxyType = 1;
			remoteGlobalIDString = 2F3A464E296F97880074E632;
			remoteInfo = Instagram;
		};
		2F3A4670296F978C0074E632 /* PBXContainerItemProxy */ = {
			isa = PBXContainerItemProxy;
			containerPortal = 2F3A4647296F97880074E632 /* Project object */;
			proxyType = 1;
			remoteGlobalIDString = 2F3A464E296F97880074E632;
			remoteInfo = Instagram;
		};
/* End PBXContainerItemProxy section */

/* Begin PBXFileReference section */
		03794A980B35C54AF2B6C20D /* Pods-Instagram.release.xcconfig */ = {isa = PBXFileReference; includeInIndex = 1; lastKnownFileType = text.xcconfig; name = "Pods-Instagram.release.xcconfig"; path = "Target Support Files/Pods-Instagram/Pods-Instagram.release.xcconfig"; sourceTree = "<group>"; };
		1951FBBA0B37EFED82C13DEF /* Pods-Instagram-InstagramUITests.release.xcconfig */ = {isa = PBXFileReference; includeInIndex = 1; lastKnownFileType = text.xcconfig; name = "Pods-Instagram-InstagramUITests.release.xcconfig"; path = "Target Support Files/Pods-Instagram-InstagramUITests/Pods-Instagram-InstagramUITests.release.xcconfig"; sourceTree = "<group>"; };
		2EB16B666CC3909ECC782970 /* Pods_Instagram_InstagramUITests.framework */ = {isa = PBXFileReference; explicitFileType = wrapper.framework; includeInIndex = 0; path = Pods_Instagram_InstagramUITests.framework; sourceTree = BUILT_PRODUCTS_DIR; };
		2F3A464F296F97880074E632 /* Instagram.app */ = {isa = PBXFileReference; explicitFileType = wrapper.application; includeInIndex = 0; path = Instagram.app; sourceTree = BUILT_PRODUCTS_DIR; };
		2F3A4652296F97880074E632 /* AppDelegate.swift */ = {isa = PBXFileReference; lastKnownFileType = sourcecode.swift; path = AppDelegate.swift; sourceTree = "<group>"; };
		2F3A4654296F97880074E632 /* SceneDelegate.swift */ = {isa = PBXFileReference; lastKnownFileType = sourcecode.swift; path = SceneDelegate.swift; sourceTree = "<group>"; };
		2F3A4656296F97880074E632 /* HomeViewController.swift */ = {isa = PBXFileReference; lastKnownFileType = sourcecode.swift; path = HomeViewController.swift; sourceTree = "<group>"; };
		2F3A4659296F97880074E632 /* Base */ = {isa = PBXFileReference; lastKnownFileType = file.storyboard; name = Base; path = Base.lproj/Main.storyboard; sourceTree = "<group>"; };
		2F3A465B296F978C0074E632 /* Assets.xcassets */ = {isa = PBXFileReference; lastKnownFileType = folder.assetcatalog; path = Assets.xcassets; sourceTree = "<group>"; };
		2F3A465E296F978C0074E632 /* Base */ = {isa = PBXFileReference; lastKnownFileType = file.storyboard; name = Base; path = Base.lproj/LaunchScreen.storyboard; sourceTree = "<group>"; };
		2F3A4660296F978C0074E632 /* Info.plist */ = {isa = PBXFileReference; lastKnownFileType = text.plist.xml; path = Info.plist; sourceTree = "<group>"; };
		2F3A4665296F978C0074E632 /* InstagramTests.xctest */ = {isa = PBXFileReference; explicitFileType = wrapper.cfbundle; includeInIndex = 0; path = InstagramTests.xctest; sourceTree = BUILT_PRODUCTS_DIR; };
		2F3A4669296F978C0074E632 /* InstagramTests.swift */ = {isa = PBXFileReference; lastKnownFileType = sourcecode.swift; path = InstagramTests.swift; sourceTree = "<group>"; };
		2F3A466F296F978C0074E632 /* InstagramUITests.xctest */ = {isa = PBXFileReference; explicitFileType = wrapper.cfbundle; includeInIndex = 0; path = InstagramUITests.xctest; sourceTree = BUILT_PRODUCTS_DIR; };
		2F3A4673296F978C0074E632 /* InstagramUITests.swift */ = {isa = PBXFileReference; lastKnownFileType = sourcecode.swift; path = InstagramUITests.swift; sourceTree = "<group>"; };
		2F3A4675296F978C0074E632 /* InstagramUITestsLaunchTests.swift */ = {isa = PBXFileReference; lastKnownFileType = sourcecode.swift; path = InstagramUITestsLaunchTests.swift; sourceTree = "<group>"; };
		2F3A4687296FA9C80074E632 /* ExploreViewController.swift */ = {isa = PBXFileReference; lastKnownFileType = sourcecode.swift; path = ExploreViewController.swift; sourceTree = "<group>"; };
		2F3A4689296FA9F70074E632 /* PostViewController.swift */ = {isa = PBXFileReference; lastKnownFileType = sourcecode.swift; path = PostViewController.swift; sourceTree = "<group>"; };
		2F3A468B296FAA050074E632 /* NotificationViewController.swift */ = {isa = PBXFileReference; lastKnownFileType = sourcecode.swift; path = NotificationViewController.swift; sourceTree = "<group>"; };
		2F3A468D296FAA270074E632 /* ProfileViewController.swift */ = {isa = PBXFileReference; lastKnownFileType = sourcecode.swift; path = ProfileViewController.swift; sourceTree = "<group>"; };
		2F3A4692296FAC460074E632 /* LoginViewController.swift */ = {isa = PBXFileReference; lastKnownFileType = sourcecode.swift; path = LoginViewController.swift; sourceTree = "<group>"; };
		2F3A4694296FAC610074E632 /* RegistrationViewController.swift */ = {isa = PBXFileReference; lastKnownFileType = sourcecode.swift; path = RegistrationViewController.swift; sourceTree = "<group>"; };
		2F3A4696296FAC900074E632 /* PostSeeViewController.swift */ = {isa = PBXFileReference; lastKnownFileType = sourcecode.swift; path = PostSeeViewController.swift; sourceTree = "<group>"; };
		2F3A4698296FAD0B0074E632 /* ProfileChangeViewController.swift */ = {isa = PBXFileReference; lastKnownFileType = sourcecode.swift; path = ProfileChangeViewController.swift; sourceTree = "<group>"; };
		2F3A469A296FADF10074E632 /* SettingsViewController.swift */ = {isa = PBXFileReference; lastKnownFileType = sourcecode.swift; path = SettingsViewController.swift; sourceTree = "<group>"; };
		2F3A469C296FAE0B0074E632 /* ListViewController.swift */ = {isa = PBXFileReference; lastKnownFileType = sourcecode.swift; path = ListViewController.swift; sourceTree = "<group>"; };
		2F3A469E296FAE240074E632 /* SearchResultViewController.swift */ = {isa = PBXFileReference; lastKnownFileType = sourcecode.swift; path = SearchResultViewController.swift; sourceTree = "<group>"; };
		2F3A46A0296FAE8D0074E632 /* SearchViewController.swift */ = {isa = PBXFileReference; lastKnownFileType = sourcecode.swift; path = SearchViewController.swift; sourceTree = "<group>"; };
		2F3A46A2296FAF8B0074E632 /* PostEditorViewController.swift */ = {isa = PBXFileReference; lastKnownFileType = sourcecode.swift; path = PostEditorViewController.swift; sourceTree = "<group>"; };
		2F3A46A4296FAFB70074E632 /* PublishPostViewController.swift */ = {isa = PBXFileReference; lastKnownFileType = sourcecode.swift; path = PublishPostViewController.swift; sourceTree = "<group>"; };
		2F6FA2DD2978F0AF00692B6F /* GoogleService-Info.plist */ = {isa = PBXFileReference; fileEncoding = 4; lastKnownFileType = text.plist.xml; path = "GoogleService-Info.plist"; sourceTree = "<group>"; };
		2F6FA2E02979021B00692B6F /* DatabaseManager.swift */ = {isa = PBXFileReference; lastKnownFileType = sourcecode.swift; path = DatabaseManager.swift; sourceTree = "<group>"; };
		2F6FA2E2297902E300692B6F /* AuthManager.swift */ = {isa = PBXFileReference; lastKnownFileType = sourcecode.swift; path = AuthManager.swift; sourceTree = "<group>"; };
		2F6FA2E42979032800692B6F /* StorageManager.swift */ = {isa = PBXFileReference; lastKnownFileType = sourcecode.swift; path = StorageManager.swift; sourceTree = "<group>"; };
		34E1AD2A4819E4E54D37C301 /* Pods_Instagram.framework */ = {isa = PBXFileReference; explicitFileType = wrapper.framework; includeInIndex = 0; path = Pods_Instagram.framework; sourceTree = BUILT_PRODUCTS_DIR; };
		3CE94D0F555E0ADA7D7E1FD0 /* Pods-Instagram.debug.xcconfig */ = {isa = PBXFileReference; includeInIndex = 1; lastKnownFileType = text.xcconfig; name = "Pods-Instagram.debug.xcconfig"; path = "Target Support Files/Pods-Instagram/Pods-Instagram.debug.xcconfig"; sourceTree = "<group>"; };
		6A694E2D8C994B685656E602 /* Pods-Instagram-InstagramUITests.debug.xcconfig */ = {isa = PBXFileReference; includeInIndex = 1; lastKnownFileType = text.xcconfig; name = "Pods-Instagram-InstagramUITests.debug.xcconfig"; path = "Target Support Files/Pods-Instagram-InstagramUITests/Pods-Instagram-InstagramUITests.debug.xcconfig"; sourceTree = "<group>"; };
		A64D0E464232DBE92D520FF3 /* Pods-InstagramTests.release.xcconfig */ = {isa = PBXFileReference; includeInIndex = 1; lastKnownFileType = text.xcconfig; name = "Pods-InstagramTests.release.xcconfig"; path = "Target Support Files/Pods-InstagramTests/Pods-InstagramTests.release.xcconfig"; sourceTree = "<group>"; };
		E9AFA57CF6098EAF0DA4D6AD /* Pods_InstagramTests.framework */ = {isa = PBXFileReference; explicitFileType = wrapper.framework; includeInIndex = 0; path = Pods_InstagramTests.framework; sourceTree = BUILT_PRODUCTS_DIR; };
		F34CEDF00C2C968DCDBB799F /* Pods-InstagramTests.debug.xcconfig */ = {isa = PBXFileReference; includeInIndex = 1; lastKnownFileType = text.xcconfig; name = "Pods-InstagramTests.debug.xcconfig"; path = "Target Support Files/Pods-InstagramTests/Pods-InstagramTests.debug.xcconfig"; sourceTree = "<group>"; };
/* End PBXFileReference section */

/* Begin PBXFrameworksBuildPhase section */
		2F3A464C296F97880074E632 /* Frameworks */ = {
			isa = PBXFrameworksBuildPhase;
			buildActionMask = 2147483647;
			files = (
				CB885E9A8F09A6EA2017326B /* Pods_Instagram.framework in Frameworks */,
			);
			runOnlyForDeploymentPostprocessing = 0;
		};
		2F3A4662296F978C0074E632 /* Frameworks */ = {
			isa = PBXFrameworksBuildPhase;
			buildActionMask = 2147483647;
			files = (
				3E36C5B1FC1CB1F31B4D8FA5 /* Pods_InstagramTests.framework in Frameworks */,
			);
			runOnlyForDeploymentPostprocessing = 0;
		};
		2F3A466C296F978C0074E632 /* Frameworks */ = {
			isa = PBXFrameworksBuildPhase;
			buildActionMask = 2147483647;
			files = (
				7D69568318C97343CB4C3C36 /* Pods_Instagram_InstagramUITests.framework in Frameworks */,
			);
			runOnlyForDeploymentPostprocessing = 0;
		};
/* End PBXFrameworksBuildPhase section */

/* Begin PBXGroup section */
		04C0CD142F8EE08A012E602A /* Pods */ = {
			isa = PBXGroup;
			children = (
				3CE94D0F555E0ADA7D7E1FD0 /* Pods-Instagram.debug.xcconfig */,
				03794A980B35C54AF2B6C20D /* Pods-Instagram.release.xcconfig */,
				6A694E2D8C994B685656E602 /* Pods-Instagram-InstagramUITests.debug.xcconfig */,
				1951FBBA0B37EFED82C13DEF /* Pods-Instagram-InstagramUITests.release.xcconfig */,
				F34CEDF00C2C968DCDBB799F /* Pods-InstagramTests.debug.xcconfig */,
				A64D0E464232DBE92D520FF3 /* Pods-InstagramTests.release.xcconfig */,
			);
			path = Pods;
			sourceTree = "<group>";
		};
		2F3A4646296F97880074E632 = {
			isa = PBXGroup;
			children = (
				2F3A4651296F97880074E632 /* Instagram */,
				2F3A4668296F978C0074E632 /* InstagramTests */,
				2F3A4672296F978C0074E632 /* InstagramUITests */,
				2F3A4650296F97880074E632 /* Products */,
				04C0CD142F8EE08A012E602A /* Pods */,
				62EBC9C740D9798C995D18ED /* Frameworks */,
			);
			sourceTree = "<group>";
		};
		2F3A4650296F97880074E632 /* Products */ = {
			isa = PBXGroup;
			children = (
				2F3A464F296F97880074E632 /* Instagram.app */,
				2F3A4665296F978C0074E632 /* InstagramTests.xctest */,
				2F3A466F296F978C0074E632 /* InstagramUITests.xctest */,
			);
			name = Products;
			sourceTree = "<group>";
		};
		2F3A4651296F97880074E632 /* Instagram */ = {
			isa = PBXGroup;
			children = (
				2F3A4685296FA24B0074E632 /* Resources */,
				2F3A4684296FA2180074E632 /* Models */,
				2F3A4683296FA20A0074E632 /* Views */,
				2F3A4682296FA1F00074E632 /* Controllers */,
				2F3A4660296F978C0074E632 /* Info.plist */,
			);
			path = Instagram;
			sourceTree = "<group>";
		};
		2F3A4668296F978C0074E632 /* InstagramTests */ = {
			isa = PBXGroup;
			children = (
				2F3A4669296F978C0074E632 /* InstagramTests.swift */,
			);
			path = InstagramTests;
			sourceTree = "<group>";
		};
		2F3A4672296F978C0074E632 /* InstagramUITests */ = {
			isa = PBXGroup;
			children = (
				2F3A4673296F978C0074E632 /* InstagramUITests.swift */,
				2F3A4675296F978C0074E632 /* InstagramUITestsLaunchTests.swift */,
			);
			path = InstagramUITests;
			sourceTree = "<group>";
		};
		2F3A4682296FA1F00074E632 /* Controllers */ = {
			isa = PBXGroup;
			children = (
				2F3A468F296FABAD0074E632 /* Main */,
				2F3A4690296FAC1C0074E632 /* Sub */,
			);
			path = Controllers;
			sourceTree = "<group>";
		};
		2F3A4683296FA20A0074E632 /* Views */ = {
			isa = PBXGroup;
			children = (
				2F3A4686296FA2BC0074E632 /* Storyboards */,
				2F3A465B296F978C0074E632 /* Assets.xcassets */,
			);
			path = Views;
			sourceTree = "<group>";
		};
		2F3A4684296FA2180074E632 /* Models */ = {
			isa = PBXGroup;
			children = (
			);
			path = Models;
			sourceTree = "<group>";
		};
		2F3A4685296FA24B0074E632 /* Resources */ = {
			isa = PBXGroup;
			children = (
				2F6FA2DD2978F0AF00692B6F /* GoogleService-Info.plist */,
				2F3A4652296F97880074E632 /* AppDelegate.swift */,
				2F3A4654296F97880074E632 /* SceneDelegate.swift */,
				2F6FA2E02979021B00692B6F /* DatabaseManager.swift */,
				2F6FA2E2297902E300692B6F /* AuthManager.swift */,
				2F6FA2E42979032800692B6F /* StorageManager.swift */,
			);
			path = Resources;
			sourceTree = "<group>";
		};
		2F3A4686296FA2BC0074E632 /* Storyboards */ = {
			isa = PBXGroup;
			children = (
				2F3A4658296F97880074E632 /* Main.storyboard */,
				2F3A465D296F978C0074E632 /* LaunchScreen.storyboard */,
			);
			path = Storyboards;
			sourceTree = "<group>";
		};
		2F3A468F296FABAD0074E632 /* Main */ = {
			isa = PBXGroup;
			children = (
				2F3A4656296F97880074E632 /* HomeViewController.swift */,
				2F3A468B296FAA050074E632 /* NotificationViewController.swift */,
				2F3A4689296FA9F70074E632 /* PostViewController.swift */,
				2F3A468D296FAA270074E632 /* ProfileViewController.swift */,
				2F3A4687296FA9C80074E632 /* ExploreViewController.swift */,
			);
			path = Main;
			sourceTree = "<group>";
		};
		2F3A4690296FAC1C0074E632 /* Sub */ = {
			isa = PBXGroup;
			children = (
				2F3A4691296FAC240074E632 /* Entry */,
				2F6FA2DF2978FF8000692B6F /* General */,
			);
			path = Sub;
			sourceTree = "<group>";
		};
		2F3A4691296FAC240074E632 /* Entry */ = {
			isa = PBXGroup;
			children = (
				2F3A4692296FAC460074E632 /* LoginViewController.swift */,
				2F3A4694296FAC610074E632 /* RegistrationViewController.swift */,
			);
			path = Entry;
			sourceTree = "<group>";
		};
		2F6FA2DF2978FF8000692B6F /* General */ = {
			isa = PBXGroup;
			children = (
				2F3A469C296FAE0B0074E632 /* ListViewController.swift */,
				2F3A4696296FAC900074E632 /* PostSeeViewController.swift */,
				2F3A4698296FAD0B0074E632 /* ProfileChangeViewController.swift */,
				2F3A469E296FAE240074E632 /* SearchResultViewController.swift */,
				2F3A46A0296FAE8D0074E632 /* SearchViewController.swift */,
				2F3A469A296FADF10074E632 /* SettingsViewController.swift */,
				2F3A46A2296FAF8B0074E632 /* PostEditorViewController.swift */,
				2F3A46A4296FAFB70074E632 /* PublishPostViewController.swift */,
			);
			path = General;
			sourceTree = "<group>";
		};
		62EBC9C740D9798C995D18ED /* Frameworks */ = {
			isa = PBXGroup;
			children = (
				34E1AD2A4819E4E54D37C301 /* Pods_Instagram.framework */,
				2EB16B666CC3909ECC782970 /* Pods_Instagram_InstagramUITests.framework */,
				E9AFA57CF6098EAF0DA4D6AD /* Pods_InstagramTests.framework */,
			);
			name = Frameworks;
			sourceTree = "<group>";
		};
/* End PBXGroup section */

/* Begin PBXNativeTarget section */
		2F3A464E296F97880074E632 /* Instagram */ = {
			isa = PBXNativeTarget;
			buildConfigurationList = 2F3A4679296F978C0074E632 /* Build configuration list for PBXNativeTarget "Instagram" */;
			buildPhases = (
				22DDA53724FBAB69FBBB01CF /* [CP] Check Pods Manifest.lock */,
				2F3A464B296F97880074E632 /* Sources */,
				2F3A464C296F97880074E632 /* Frameworks */,
				2F3A464D296F97880074E632 /* Resources */,
				46CA1239F44DB1C4C2296499 /* [CP] Embed Pods Frameworks */,
			);
			buildRules = (
			);
			dependencies = (
			);
			name = Instagram;
			productName = Instagram;
			productReference = 2F3A464F296F97880074E632 /* Instagram.app */;
			productType = "com.apple.product-type.application";
		};
		2F3A4664296F978C0074E632 /* InstagramTests */ = {
			isa = PBXNativeTarget;
			buildConfigurationList = 2F3A467C296F978C0074E632 /* Build configuration list for PBXNativeTarget "InstagramTests" */;
			buildPhases = (
				E1701DCA73DBA63765669907 /* [CP] Check Pods Manifest.lock */,
				2F3A4661296F978C0074E632 /* Sources */,
				2F3A4662296F978C0074E632 /* Frameworks */,
				2F3A4663296F978C0074E632 /* Resources */,
			);
			buildRules = (
			);
			dependencies = (
				2F3A4667296F978C0074E632 /* PBXTargetDependency */,
			);
			name = InstagramTests;
			productName = InstagramTests;
			productReference = 2F3A4665296F978C0074E632 /* InstagramTests.xctest */;
			productType = "com.apple.product-type.bundle.unit-test";
		};
		2F3A466E296F978C0074E632 /* InstagramUITests */ = {
			isa = PBXNativeTarget;
			buildConfigurationList = 2F3A467F296F978C0074E632 /* Build configuration list for PBXNativeTarget "InstagramUITests" */;
			buildPhases = (
				A9E29B6276996A3E5C9A5C5D /* [CP] Check Pods Manifest.lock */,
				2F3A466B296F978C0074E632 /* Sources */,
				2F3A466C296F978C0074E632 /* Frameworks */,
				2F3A466D296F978C0074E632 /* Resources */,
				B3B03FD393F80214C19295E3 /* [CP] Embed Pods Frameworks */,
			);
			buildRules = (
			);
			dependencies = (
				2F3A4671296F978C0074E632 /* PBXTargetDependency */,
			);
			name = InstagramUITests;
			productName = InstagramUITests;
			productReference = 2F3A466F296F978C0074E632 /* InstagramUITests.xctest */;
			productType = "com.apple.product-type.bundle.ui-testing";
		};
/* End PBXNativeTarget section */

/* Begin PBXProject section */
		2F3A4647296F97880074E632 /* Project object */ = {
			isa = PBXProject;
			attributes = {
				BuildIndependentTargetsInParallel = 1;
				LastSwiftUpdateCheck = 1410;
				LastUpgradeCheck = 1410;
				TargetAttributes = {
					2F3A464E296F97880074E632 = {
						CreatedOnToolsVersion = 14.1;
					};
					2F3A4664296F978C0074E632 = {
						CreatedOnToolsVersion = 14.1;
						TestTargetID = 2F3A464E296F97880074E632;
					};
					2F3A466E296F978C0074E632 = {
						CreatedOnToolsVersion = 14.1;
						TestTargetID = 2F3A464E296F97880074E632;
					};
				};
			};
			buildConfigurationList = 2F3A464A296F97880074E632 /* Build configuration list for PBXProject "Instagram" */;
			compatibilityVersion = "Xcode 14.0";
			developmentRegion = en;
			hasScannedForEncodings = 0;
			knownRegions = (
				en,
				Base,
			);
			mainGroup = 2F3A4646296F97880074E632;
			productRefGroup = 2F3A4650296F97880074E632 /* Products */;
			projectDirPath = "";
			projectRoot = "";
			targets = (
				2F3A464E296F97880074E632 /* Instagram */,
				2F3A4664296F978C0074E632 /* InstagramTests */,
				2F3A466E296F978C0074E632 /* InstagramUITests */,
			);
		};
/* End PBXProject section */

/* Begin PBXResourcesBuildPhase section */
		2F3A464D296F97880074E632 /* Resources */ = {
			isa = PBXResourcesBuildPhase;
			buildActionMask = 2147483647;
			files = (
				2F3A465F296F978C0074E632 /* LaunchScreen.storyboard in Resources */,
				2F6FA2DE2978F0AF00692B6F /* GoogleService-Info.plist in Resources */,
				2F3A465C296F978C0074E632 /* Assets.xcassets in Resources */,
				2F3A465A296F97880074E632 /* Main.storyboard in Resources */,
			);
			runOnlyForDeploymentPostprocessing = 0;
		};
		2F3A4663296F978C0074E632 /* Resources */ = {
			isa = PBXResourcesBuildPhase;
			buildActionMask = 2147483647;
			files = (
			);
			runOnlyForDeploymentPostprocessing = 0;
		};
		2F3A466D296F978C0074E632 /* Resources */ = {
			isa = PBXResourcesBuildPhase;
			buildActionMask = 2147483647;
			files = (
			);
			runOnlyForDeploymentPostprocessing = 0;
		};
/* End PBXResourcesBuildPhase section */

/* Begin PBXShellScriptBuildPhase section */
		22DDA53724FBAB69FBBB01CF /* [CP] Check Pods Manifest.lock */ = {
			isa = PBXShellScriptBuildPhase;
			buildActionMask = 2147483647;
			files = (
			);
			inputFileListPaths = (
			);
			inputPaths = (
				"${PODS_PODFILE_DIR_PATH}/Podfile.lock",
				"${PODS_ROOT}/Manifest.lock",
			);
			name = "[CP] Check Pods Manifest.lock";
			outputFileListPaths = (
			);
			outputPaths = (
				"$(DERIVED_FILE_DIR)/Pods-Instagram-checkManifestLockResult.txt",
			);
			runOnlyForDeploymentPostprocessing = 0;
			shellPath = /bin/sh;
			shellScript = "diff \"${PODS_PODFILE_DIR_PATH}/Podfile.lock\" \"${PODS_ROOT}/Manifest.lock\" > /dev/null\nif [ $? != 0 ] ; then\n    # print error to STDERR\n    echo \"error: The sandbox is not in sync with the Podfile.lock. Run 'pod install' or update your CocoaPods installation.\" >&2\n    exit 1\nfi\n# This output is used by Xcode 'outputs' to avoid re-running this script phase.\necho \"SUCCESS\" > \"${SCRIPT_OUTPUT_FILE_0}\"\n";
			showEnvVarsInLog = 0;
		};
		46CA1239F44DB1C4C2296499 /* [CP] Embed Pods Frameworks */ = {
			isa = PBXShellScriptBuildPhase;
			buildActionMask = 2147483647;
			files = (
			);
			inputFileListPaths = (
				"${PODS_ROOT}/Target Support Files/Pods-Instagram/Pods-Instagram-frameworks-${CONFIGURATION}-input-files.xcfilelist",
			);
			name = "[CP] Embed Pods Frameworks";
			outputFileListPaths = (
				"${PODS_ROOT}/Target Support Files/Pods-Instagram/Pods-Instagram-frameworks-${CONFIGURATION}-output-files.xcfilelist",
			);
			runOnlyForDeploymentPostprocessing = 0;
			shellPath = /bin/sh;
			shellScript = "\"${PODS_ROOT}/Target Support Files/Pods-Instagram/Pods-Instagram-frameworks.sh\"\n";
			showEnvVarsInLog = 0;
		};
		A9E29B6276996A3E5C9A5C5D /* [CP] Check Pods Manifest.lock */ = {
			isa = PBXShellScriptBuildPhase;
			buildActionMask = 2147483647;
			files = (
			);
			inputFileListPaths = (
			);
			inputPaths = (
				"${PODS_PODFILE_DIR_PATH}/Podfile.lock",
				"${PODS_ROOT}/Manifest.lock",
			);
			name = "[CP] Check Pods Manifest.lock";
			outputFileListPaths = (
			);
			outputPaths = (
				"$(DERIVED_FILE_DIR)/Pods-Instagram-InstagramUITests-checkManifestLockResult.txt",
			);
			runOnlyForDeploymentPostprocessing = 0;
			shellPath = /bin/sh;
			shellScript = "diff \"${PODS_PODFILE_DIR_PATH}/Podfile.lock\" \"${PODS_ROOT}/Manifest.lock\" > /dev/null\nif [ $? != 0 ] ; then\n    # print error to STDERR\n    echo \"error: The sandbox is not in sync with the Podfile.lock. Run 'pod install' or update your CocoaPods installation.\" >&2\n    exit 1\nfi\n# This output is used by Xcode 'outputs' to avoid re-running this script phase.\necho \"SUCCESS\" > \"${SCRIPT_OUTPUT_FILE_0}\"\n";
			showEnvVarsInLog = 0;
		};
		B3B03FD393F80214C19295E3 /* [CP] Embed Pods Frameworks */ = {
			isa = PBXShellScriptBuildPhase;
			buildActionMask = 2147483647;
			files = (
			);
			inputFileListPaths = (
				"${PODS_ROOT}/Target Support Files/Pods-Instagram-InstagramUITests/Pods-Instagram-InstagramUITests-frameworks-${CONFIGURATION}-input-files.xcfilelist",
			);
			name = "[CP] Embed Pods Frameworks";
			outputFileListPaths = (
				"${PODS_ROOT}/Target Support Files/Pods-Instagram-InstagramUITests/Pods-Instagram-InstagramUITests-frameworks-${CONFIGURATION}-output-files.xcfilelist",
			);
			runOnlyForDeploymentPostprocessing = 0;
			shellPath = /bin/sh;
			shellScript = "\"${PODS_ROOT}/Target Support Files/Pods-Instagram-InstagramUITests/Pods-Instagram-InstagramUITests-frameworks.sh\"\n";
			showEnvVarsInLog = 0;
		};
		E1701DCA73DBA63765669907 /* [CP] Check Pods Manifest.lock */ = {
			isa = PBXShellScriptBuildPhase;
			buildActionMask = 2147483647;
			files = (
			);
			inputFileListPaths = (
			);
			inputPaths = (
				"${PODS_PODFILE_DIR_PATH}/Podfile.lock",
				"${PODS_ROOT}/Manifest.lock",
			);
			name = "[CP] Check Pods Manifest.lock";
			outputFileListPaths = (
			);
			outputPaths = (
				"$(DERIVED_FILE_DIR)/Pods-InstagramTests-checkManifestLockResult.txt",
			);
			runOnlyForDeploymentPostprocessing = 0;
			shellPath = /bin/sh;
			shellScript = "diff \"${PODS_PODFILE_DIR_PATH}/Podfile.lock\" \"${PODS_ROOT}/Manifest.lock\" > /dev/null\nif [ $? != 0 ] ; then\n    # print error to STDERR\n    echo \"error: The sandbox is not in sync with the Podfile.lock. Run 'pod install' or update your CocoaPods installation.\" >&2\n    exit 1\nfi\n# This output is used by Xcode 'outputs' to avoid re-running this script phase.\necho \"SUCCESS\" > \"${SCRIPT_OUTPUT_FILE_0}\"\n";
			showEnvVarsInLog = 0;
		};
/* End PBXShellScriptBuildPhase section */

/* Begin PBXSourcesBuildPhase section */
		2F3A464B296F97880074E632 /* Sources */ = {
			isa = PBXSourcesBuildPhase;
			buildActionMask = 2147483647;
			files = (
				2F3A46A1296FAE8D0074E632 /* SearchViewController.swift in Sources */,
				2F3A4657296F97880074E632 /* HomeViewController.swift in Sources */,
				2F3A46A5296FAFB70074E632 /* PublishPostViewController.swift in Sources */,
				2F3A4653296F97880074E632 /* AppDelegate.swift in Sources */,
				2F3A468C296FAA050074E632 /* NotificationViewController.swift in Sources */,
				2F3A4695296FAC610074E632 /* RegistrationViewController.swift in Sources */,
				2F3A46A3296FAF8C0074E632 /* PostEditorViewController.swift in Sources */,
				2F6FA2E52979032800692B6F /* StorageManager.swift in Sources */,
				2F3A4697296FAC900074E632 /* PostSeeViewController.swift in Sources */,
				2F6FA2E12979021B00692B6F /* DatabaseManager.swift in Sources */,
				2F3A4688296FA9C80074E632 /* ExploreViewController.swift in Sources */,
				2F3A4699296FAD0B0074E632 /* ProfileChangeViewController.swift in Sources */,
				2F3A4693296FAC460074E632 /* LoginViewController.swift in Sources */,
				2F3A469F296FAE240074E632 /* SearchResultViewController.swift in Sources */,
				2F3A468E296FAA270074E632 /* ProfileViewController.swift in Sources */,
				2F6FA2E3297902E400692B6F /* AuthManager.swift in Sources */,
				2F3A4655296F97880074E632 /* SceneDelegate.swift in Sources */,
				2F3A468A296FA9F70074E632 /* PostViewController.swift in Sources */,
				2F3A469D296FAE0B0074E632 /* ListViewController.swift in Sources */,
				2F3A469B296FADF10074E632 /* SettingsViewController.swift in Sources */,
			);
			runOnlyForDeploymentPostprocessing = 0;
		};
		2F3A4661296F978C0074E632 /* Sources */ = {
			isa = PBXSourcesBuildPhase;
			buildActionMask = 2147483647;
			files = (
				2F3A466A296F978C0074E632 /* InstagramTests.swift in Sources */,
			);
			runOnlyForDeploymentPostprocessing = 0;
		};
		2F3A466B296F978C0074E632 /* Sources */ = {
			isa = PBXSourcesBuildPhase;
			buildActionMask = 2147483647;
			files = (
				2F3A4674296F978C0074E632 /* InstagramUITests.swift in Sources */,
				2F3A4676296F978C0074E632 /* InstagramUITestsLaunchTests.swift in Sources */,
			);
			runOnlyForDeploymentPostprocessing = 0;
		};
/* End PBXSourcesBuildPhase section */

/* Begin PBXTargetDependency section */
		2F3A4667296F978C0074E632 /* PBXTargetDependency */ = {
			isa = PBXTargetDependency;
			target = 2F3A464E296F97880074E632 /* Instagram */;
			targetProxy = 2F3A4666296F978C0074E632 /* PBXContainerItemProxy */;
		};
		2F3A4671296F978C0074E632 /* PBXTargetDependency */ = {
			isa = PBXTargetDependency;
			target = 2F3A464E296F97880074E632 /* Instagram */;
			targetProxy = 2F3A4670296F978C0074E632 /* PBXContainerItemProxy */;
		};
/* End PBXTargetDependency section */

/* Begin PBXVariantGroup section */
		2F3A4658296F97880074E632 /* Main.storyboard */ = {
			isa = PBXVariantGroup;
			children = (
				2F3A4659296F97880074E632 /* Base */,
			);
			name = Main.storyboard;
			sourceTree = "<group>";
		};
		2F3A465D296F978C0074E632 /* LaunchScreen.storyboard */ = {
			isa = PBXVariantGroup;
			children = (
				2F3A465E296F978C0074E632 /* Base */,
			);
			name = LaunchScreen.storyboard;
			sourceTree = "<group>";
		};
/* End PBXVariantGroup section */

/* Begin XCBuildConfiguration section */
		2F3A4677296F978C0074E632 /* Debug */ = {
			isa = XCBuildConfiguration;
			buildSettings = {
				ALWAYS_SEARCH_USER_PATHS = NO;
				CLANG_ANALYZER_NONNULL = YES;
				CLANG_ANALYZER_NUMBER_OBJECT_CONVERSION = YES_AGGRESSIVE;
				CLANG_CXX_LANGUAGE_STANDARD = "gnu++20";
				CLANG_ENABLE_MODULES = YES;
				CLANG_ENABLE_OBJC_ARC = YES;
				CLANG_ENABLE_OBJC_WEAK = YES;
				CLANG_WARN_BLOCK_CAPTURE_AUTORELEASING = YES;
				CLANG_WARN_BOOL_CONVERSION = YES;
				CLANG_WARN_COMMA = YES;
				CLANG_WARN_CONSTANT_CONVERSION = YES;
				CLANG_WARN_DEPRECATED_OBJC_IMPLEMENTATIONS = YES;
				CLANG_WARN_DIRECT_OBJC_ISA_USAGE = YES_ERROR;
				CLANG_WARN_DOCUMENTATION_COMMENTS = YES;
				CLANG_WARN_EMPTY_BODY = YES;
				CLANG_WARN_ENUM_CONVERSION = YES;
				CLANG_WARN_INFINITE_RECURSION = YES;
				CLANG_WARN_INT_CONVERSION = YES;
				CLANG_WARN_NON_LITERAL_NULL_CONVERSION = YES;
				CLANG_WARN_OBJC_IMPLICIT_RETAIN_SELF = YES;
				CLANG_WARN_OBJC_LITERAL_CONVERSION = YES;
				CLANG_WARN_OBJC_ROOT_CLASS = YES_ERROR;
				CLANG_WARN_QUOTED_INCLUDE_IN_FRAMEWORK_HEADER = YES;
				CLANG_WARN_RANGE_LOOP_ANALYSIS = YES;
				CLANG_WARN_STRICT_PROTOTYPES = YES;
				CLANG_WARN_SUSPICIOUS_MOVE = YES;
				CLANG_WARN_UNGUARDED_AVAILABILITY = YES_AGGRESSIVE;
				CLANG_WARN_UNREACHABLE_CODE = YES;
				CLANG_WARN__DUPLICATE_METHOD_MATCH = YES;
				COPY_PHASE_STRIP = NO;
				DEBUG_INFORMATION_FORMAT = dwarf;
				ENABLE_STRICT_OBJC_MSGSEND = YES;
				ENABLE_TESTABILITY = YES;
				GCC_C_LANGUAGE_STANDARD = gnu11;
				GCC_DYNAMIC_NO_PIC = NO;
				GCC_NO_COMMON_BLOCKS = YES;
				GCC_OPTIMIZATION_LEVEL = 0;
				GCC_PREPROCESSOR_DEFINITIONS = (
					"DEBUG=1",
					"$(inherited)",
				);
				GCC_WARN_64_TO_32_BIT_CONVERSION = YES;
				GCC_WARN_ABOUT_RETURN_TYPE = YES_ERROR;
				GCC_WARN_UNDECLARED_SELECTOR = YES;
				GCC_WARN_UNINITIALIZED_AUTOS = YES_AGGRESSIVE;
				GCC_WARN_UNUSED_FUNCTION = YES;
				GCC_WARN_UNUSED_VARIABLE = YES;
				IPHONEOS_DEPLOYMENT_TARGET = 16.1;
				MTL_ENABLE_DEBUG_INFO = INCLUDE_SOURCE;
				MTL_FAST_MATH = YES;
				ONLY_ACTIVE_ARCH = YES;
				SDKROOT = iphoneos;
				SWIFT_ACTIVE_COMPILATION_CONDITIONS = DEBUG;
				SWIFT_OPTIMIZATION_LEVEL = "-Onone";
			};
			name = Debug;
		};
		2F3A4678296F978C0074E632 /* Release */ = {
			isa = XCBuildConfiguration;
			buildSettings = {
				ALWAYS_SEARCH_USER_PATHS = NO;
				CLANG_ANALYZER_NONNULL = YES;
				CLANG_ANALYZER_NUMBER_OBJECT_CONVERSION = YES_AGGRESSIVE;
				CLANG_CXX_LANGUAGE_STANDARD = "gnu++20";
				CLANG_ENABLE_MODULES = YES;
				CLANG_ENABLE_OBJC_ARC = YES;
				CLANG_ENABLE_OBJC_WEAK = YES;
				CLANG_WARN_BLOCK_CAPTURE_AUTORELEASING = YES;
				CLANG_WARN_BOOL_CONVERSION = YES;
				CLANG_WARN_COMMA = YES;
				CLANG_WARN_CONSTANT_CONVERSION = YES;
				CLANG_WARN_DEPRECATED_OBJC_IMPLEMENTATIONS = YES;
				CLANG_WARN_DIRECT_OBJC_ISA_USAGE = YES_ERROR;
				CLANG_WARN_DOCUMENTATION_COMMENTS = YES;
				CLANG_WARN_EMPTY_BODY = YES;
				CLANG_WARN_ENUM_CONVERSION = YES;
				CLANG_WARN_INFINITE_RECURSION = YES;
				CLANG_WARN_INT_CONVERSION = YES;
				CLANG_WARN_NON_LITERAL_NULL_CONVERSION = YES;
				CLANG_WARN_OBJC_IMPLICIT_RETAIN_SELF = YES;
				CLANG_WARN_OBJC_LITERAL_CONVERSION = YES;
				CLANG_WARN_OBJC_ROOT_CLASS = YES_ERROR;
				CLANG_WARN_QUOTED_INCLUDE_IN_FRAMEWORK_HEADER = YES;
				CLANG_WARN_RANGE_LOOP_ANALYSIS = YES;
				CLANG_WARN_STRICT_PROTOTYPES = YES;
				CLANG_WARN_SUSPICIOUS_MOVE = YES;
				CLANG_WARN_UNGUARDED_AVAILABILITY = YES_AGGRESSIVE;
				CLANG_WARN_UNREACHABLE_CODE = YES;
				CLANG_WARN__DUPLICATE_METHOD_MATCH = YES;
				COPY_PHASE_STRIP = NO;
				DEBUG_INFORMATION_FORMAT = "dwarf-with-dsym";
				ENABLE_NS_ASSERTIONS = NO;
				ENABLE_STRICT_OBJC_MSGSEND = YES;
				GCC_C_LANGUAGE_STANDARD = gnu11;
				GCC_NO_COMMON_BLOCKS = YES;
				GCC_WARN_64_TO_32_BIT_CONVERSION = YES;
				GCC_WARN_ABOUT_RETURN_TYPE = YES_ERROR;
				GCC_WARN_UNDECLARED_SELECTOR = YES;
				GCC_WARN_UNINITIALIZED_AUTOS = YES_AGGRESSIVE;
				GCC_WARN_UNUSED_FUNCTION = YES;
				GCC_WARN_UNUSED_VARIABLE = YES;
				IPHONEOS_DEPLOYMENT_TARGET = 16.1;
				MTL_ENABLE_DEBUG_INFO = NO;
				MTL_FAST_MATH = YES;
				SDKROOT = iphoneos;
				SWIFT_COMPILATION_MODE = wholemodule;
				SWIFT_OPTIMIZATION_LEVEL = "-O";
				VALIDATE_PRODUCT = YES;
			};
			name = Release;
		};
		2F3A467A296F978C0074E632 /* Debug */ = {
			isa = XCBuildConfiguration;
			baseConfigurationReference = 3CE94D0F555E0ADA7D7E1FD0 /* Pods-Instagram.debug.xcconfig */;
			buildSettings = {
				ASSETCATALOG_COMPILER_APPICON_NAME = AppIcon;
				ASSETCATALOG_COMPILER_GLOBAL_ACCENT_COLOR_NAME = AccentColor;
				CODE_SIGN_STYLE = Automatic;
				CURRENT_PROJECT_VERSION = 1;
				GENERATE_INFOPLIST_FILE = YES;
				INFOPLIST_FILE = Instagram/Info.plist;
				INFOPLIST_KEY_UIApplicationSupportsIndirectInputEvents = YES;
				INFOPLIST_KEY_UILaunchStoryboardName = LaunchScreen;
				INFOPLIST_KEY_UIMainStoryboardFile = Main;
				INFOPLIST_KEY_UISupportedInterfaceOrientations_iPad = "UIInterfaceOrientationPortrait UIInterfaceOrientationPortraitUpsideDown UIInterfaceOrientationLandscapeLeft UIInterfaceOrientationLandscapeRight";
				INFOPLIST_KEY_UISupportedInterfaceOrientations_iPhone = "UIInterfaceOrientationPortrait UIInterfaceOrientationLandscapeLeft UIInterfaceOrientationLandscapeRight";
				LD_RUNPATH_SEARCH_PATHS = (
					"$(inherited)",
					"@executable_path/Frameworks",
				);
				MARKETING_VERSION = 1.0;
				PRODUCT_BUNDLE_IDENTIFIER = meta.Instagram;
				PRODUCT_NAME = "$(TARGET_NAME)";
				SWIFT_EMIT_LOC_STRINGS = YES;
				SWIFT_VERSION = 5.0;
				TARGETED_DEVICE_FAMILY = "1,2";
			};
			name = Debug;
		};
		2F3A467B296F978C0074E632 /* Release */ = {
			isa = XCBuildConfiguration;
			baseConfigurationReference = 03794A980B35C54AF2B6C20D /* Pods-Instagram.release.xcconfig */;
			buildSettings = {
				ASSETCATALOG_COMPILER_APPICON_NAME = AppIcon;
				ASSETCATALOG_COMPILER_GLOBAL_ACCENT_COLOR_NAME = AccentColor;
				CODE_SIGN_STYLE = Automatic;
				CURRENT_PROJECT_VERSION = 1;
				GENERATE_INFOPLIST_FILE = YES;
				INFOPLIST_FILE = Instagram/Info.plist;
				INFOPLIST_KEY_UIApplicationSupportsIndirectInputEvents = YES;
				INFOPLIST_KEY_UILaunchStoryboardName = LaunchScreen;
				INFOPLIST_KEY_UIMainStoryboardFile = Main;
				INFOPLIST_KEY_UISupportedInterfaceOrientations_iPad = "UIInterfaceOrientationPortrait UIInterfaceOrientationPortraitUpsideDown UIInterfaceOrientationLandscapeLeft UIInterfaceOrientationLandscapeRight";
				INFOPLIST_KEY_UISupportedInterfaceOrientations_iPhone = "UIInterfaceOrientationPortrait UIInterfaceOrientationLandscapeLeft UIInterfaceOrientationLandscapeRight";
				LD_RUNPATH_SEARCH_PATHS = (
					"$(inherited)",
					"@executable_path/Frameworks",
				);
				MARKETING_VERSION = 1.0;
				PRODUCT_BUNDLE_IDENTIFIER = meta.Instagram;
				PRODUCT_NAME = "$(TARGET_NAME)";
				SWIFT_EMIT_LOC_STRINGS = YES;
				SWIFT_VERSION = 5.0;
				TARGETED_DEVICE_FAMILY = "1,2";
			};
			name = Release;
		};
		2F3A467D296F978C0074E632 /* Debug */ = {
			isa = XCBuildConfiguration;
			baseConfigurationReference = F34CEDF00C2C968DCDBB799F /* Pods-InstagramTests.debug.xcconfig */;
			buildSettings = {
				ALWAYS_EMBED_SWIFT_STANDARD_LIBRARIES = YES;
				BUNDLE_LOADER = "$(TEST_HOST)";
				CODE_SIGN_STYLE = Automatic;
				CURRENT_PROJECT_VERSION = 1;
				GENERATE_INFOPLIST_FILE = YES;
				IPHONEOS_DEPLOYMENT_TARGET = 16.1;
				MARKETING_VERSION = 1.0;
				PRODUCT_BUNDLE_IDENTIFIER = meta.InstagramTests;
				PRODUCT_NAME = "$(TARGET_NAME)";
				SWIFT_EMIT_LOC_STRINGS = NO;
				SWIFT_VERSION = 5.0;
				TARGETED_DEVICE_FAMILY = "1,2";
				TEST_HOST = "$(BUILT_PRODUCTS_DIR)/Instagram.app/$(BUNDLE_EXECUTABLE_FOLDER_PATH)/Instagram";
			};
			name = Debug;
		};
		2F3A467E296F978C0074E632 /* Release */ = {
			isa = XCBuildConfiguration;
			baseConfigurationReference = A64D0E464232DBE92D520FF3 /* Pods-InstagramTests.release.xcconfig */;
			buildSettings = {
				ALWAYS_EMBED_SWIFT_STANDARD_LIBRARIES = YES;
				BUNDLE_LOADER = "$(TEST_HOST)";
				CODE_SIGN_STYLE = Automatic;
				CURRENT_PROJECT_VERSION = 1;
				GENERATE_INFOPLIST_FILE = YES;
				IPHONEOS_DEPLOYMENT_TARGET = 16.1;
				MARKETING_VERSION = 1.0;
				PRODUCT_BUNDLE_IDENTIFIER = meta.InstagramTests;
				PRODUCT_NAME = "$(TARGET_NAME)";
				SWIFT_EMIT_LOC_STRINGS = NO;
				SWIFT_VERSION = 5.0;
				TARGETED_DEVICE_FAMILY = "1,2";
				TEST_HOST = "$(BUILT_PRODUCTS_DIR)/Instagram.app/$(BUNDLE_EXECUTABLE_FOLDER_PATH)/Instagram";
			};
			name = Release;
		};
		2F3A4680296F978C0074E632 /* Debug */ = {
			isa = XCBuildConfiguration;
			baseConfigurationReference = 6A694E2D8C994B685656E602 /* Pods-Instagram-InstagramUITests.debug.xcconfig */;
			buildSettings = {
				ALWAYS_EMBED_SWIFT_STANDARD_LIBRARIES = YES;
				CODE_SIGN_STYLE = Automatic;
				CURRENT_PROJECT_VERSION = 1;
				GENERATE_INFOPLIST_FILE = YES;
				MARKETING_VERSION = 1.0;
				PRODUCT_BUNDLE_IDENTIFIER = meta.InstagramUITests;
				PRODUCT_NAME = "$(TARGET_NAME)";
				SWIFT_EMIT_LOC_STRINGS = NO;
				SWIFT_VERSION = 5.0;
				TARGETED_DEVICE_FAMILY = "1,2";
				TEST_TARGET_NAME = Instagram;
			};
			name = Debug;
		};
		2F3A4681296F978C0074E632 /* Release */ = {
			isa = XCBuildConfiguration;
			baseConfigurationReference = 1951FBBA0B37EFED82C13DEF /* Pods-Instagram-InstagramUITests.release.xcconfig */;
			buildSettings = {
				ALWAYS_EMBED_SWIFT_STANDARD_LIBRARIES = YES;
				CODE_SIGN_STYLE = Automatic;
				CURRENT_PROJECT_VERSION = 1;
				GENERATE_INFOPLIST_FILE = YES;
				MARKETING_VERSION = 1.0;
				PRODUCT_BUNDLE_IDENTIFIER = meta.InstagramUITests;
				PRODUCT_NAME = "$(TARGET_NAME)";
				SWIFT_EMIT_LOC_STRINGS = NO;
				SWIFT_VERSION = 5.0;
				TARGETED_DEVICE_FAMILY = "1,2";
				TEST_TARGET_NAME = Instagram;
			};
			name = Release;
		};
/* End XCBuildConfiguration section */

/* Begin XCConfigurationList section */
		2F3A464A296F97880074E632 /* Build configuration list for PBXProject "Instagram" */ = {
			isa = XCConfigurationList;
			buildConfigurations = (
				2F3A4677296F978C0074E632 /* Debug */,
				2F3A4678296F978C0074E632 /* Release */,
			);
			defaultConfigurationIsVisible = 0;
			defaultConfigurationName = Release;
		};
		2F3A4679296F978C0074E632 /* Build configuration list for PBXNativeTarget "Instagram" */ = {
			isa = XCConfigurationList;
			buildConfigurations = (
				2F3A467A296F978C0074E632 /* Debug */,
				2F3A467B296F978C0074E632 /* Release */,
			);
			defaultConfigurationIsVisible = 0;
			defaultConfigurationName = Release;
		};
		2F3A467C296F978C0074E632 /* Build configuration list for PBXNativeTarget "InstagramTests" */ = {
			isa = XCConfigurationList;
			buildConfigurations = (
				2F3A467D296F978C0074E632 /* Debug */,
				2F3A467E296F978C0074E632 /* Release */,
			);
			defaultConfigurationIsVisible = 0;
			defaultConfigurationName = Release;
		};
		2F3A467F296F978C0074E632 /* Build configuration list for PBXNativeTarget "InstagramUITests" */ = {
			isa = XCConfigurationList;
			buildConfigurations = (
				2F3A4680296F978C0074E632 /* Debug */,
				2F3A4681296F978C0074E632 /* Release */,
			);
			defaultConfigurationIsVisible = 0;
			defaultConfigurationName = Release;
		};
/* End XCConfigurationList section */
	};
	rootObject = 2F3A4647296F97880074E632 /* Project object */;
}
